PODS:
  - Flutter (1.0.0)
  - video_native_preview (0.0.1):
    - Flutter

DEPENDENCIES:
  - Flutter (from `Flutter`)
  - video_native_preview (from `.symlinks/plugins/video_native_preview/ios`)

EXTERNAL SOURCES:
  Flutter:
    :path: Flutter
  video_native_preview:
    :path: ".symlinks/plugins/video_native_preview/ios"

SPEC CHECKSUMS:
  Flutter: f04841e97a9d0b0a8025694d0796dd46242b2854
  video_native_preview: c9566c37079133a8847aef882c297cf5c7d0cafe

PODFILE CHECKSUM: 663715e941f9adb426e33bf9376914006f9ea95b

COCOAPODS: 1.11.3
